
Microsoft Visual Studio Solution File, Format Version 12.00
# Visual Studio 15
Project("{FAE04EC0-301F-11D3-BF4B-00C04F79EFBC}") = "CustomerManagement", "CustomerManagement\CustomerManagement.csproj", "{BBDB036B-F38D-4579-8BF0-8FA7FFEF713D}"
EndProject
Project("{2150E333-8FDC-42A3-9474-1A3956D46DE8}") = "Tests", "Tests", "{A784451F-E966-431D-9F11-349F2414B639}"
EndProject
Project("{FAE04EC0-301F-11D3-BF4B-00C04F79EFBC}") = "CustomerManagementTests", "Tests\CustomerManagementTests\CustomerManagementTests.csproj", "{6D1AC5DF-81B9-4D4C-A021-7953CA8C1575}"
EndProject
Project("{FAE04EC0-301F-11D3-BF4B-00C04F79EFBC}") = "Common", "Common\Common.csproj", "{F9D3E8DF-1D0B-4D0E-93A3-6F958558CAEB}"
EndProject
Global
	GlobalSection(SolutionConfigurationPlatforms) = preSolution
		Debug|Any CPU = Debug|Any CPU
		Release|Any CPU = Release|Any CPU
	EndGlobalSection
	GlobalSection(ProjectConfigurationPlatforms) = postSolution
		{BBDB036B-F38D-4579-8BF0-8FA7FFEF713D}.Debug|Any CPU.ActiveCfg = Debug|Any CPU
		{BBDB036B-F38D-4579-8BF0-8FA7FFEF713D}.Debug|Any CPU.Build.0 = Debug|Any CPU
		{BBDB036B-F38D-4579-8BF0-8FA7FFEF713D}.Release|Any CPU.ActiveCfg = Release|Any CPU
		{BBDB036B-F38D-4579-8BF0-8FA7FFEF713D}.Release|Any CPU.Build.0 = Release|Any CPU
		{6D1AC5DF-81B9-4D4C-A021-7953CA8C1575}.Debug|Any CPU.ActiveCfg = Debug|Any CPU
		{6D1AC5DF-81B9-4D4C-A021-7953CA8C1575}.Debug|Any CPU.Build.0 = Debug|Any CPU
		{6D1AC5DF-81B9-4D4C-A021-7953CA8C1575}.Release|Any CPU.ActiveCfg = Release|Any CPU
		{6D1AC5DF-81B9-4D4C-A021-7953CA8C1575}.Release|Any CPU.Build.0 = Release|Any CPU
		{F9D3E8DF-1D0B-4D0E-93A3-6F958558CAEB}.Debug|Any CPU.ActiveCfg = Debug|Any CPU
		{F9D3E8DF-1D0B-4D0E-93A3-6F958558CAEB}.Debug|Any CPU.Build.0 = Debug|Any CPU
		{F9D3E8DF-1D0B-4D0E-93A3-6F958558CAEB}.Release|Any CPU.ActiveCfg = Release|Any CPU
		{F9D3E8DF-1D0B-4D0E-93A3-6F958558CAEB}.Release|Any CPU.Build.0 = Release|Any CPU
	EndGlobalSection
	GlobalSection(NestedProjects) = preSolution
		{6D1AC5DF-81B9-4D4C-A021-7953CA8C1575} = {A784451F-E966-431D-9F11-349F2414B639}
	EndGlobalSection
EndGlobal
